
Microsoft Visual Studio Solution File, Format Version 12.00
# Visual Studio 2013
VisualStudioVersion = 12.0.21005.1
MinimumVisualStudioVersion = 10.0.40219.1
Project("{FAE04EC0-301F-11D3-BF4B-00C04F79EFBC}") = "App1", "App1\App1.csproj", "{4489B453-3CC2-48D3-861E-0C6B84B3BA96}"
EndProject
Project("{FAE04EC0-301F-11D3-BF4B-00C04F79EFBC}") = "WindowsFormsApplication1", "WindowsFormsApplication1\WindowsFormsApplication1.csproj", "{570C3CCD-0132-476B-992C-CF90B7CE1625}"
EndProject
Global
	GlobalSection(SolutionConfigurationPlatforms) = preSolution
		Debug|Any CPU = Debug|Any CPU
		Release|Any CPU = Release|Any CPU
	EndGlobalSection
	GlobalSection(ProjectConfigurationPlatforms) = postSolution
		{4489B453-3CC2-48D3-861E-0C6B84B3BA96}.Debug|Any CPU.ActiveCfg = Debug|Any CPU
		{4489B453-3CC2-48D3-861E-0C6B84B3BA96}.Debug|Any CPU.Build.0 = Debug|Any CPU
		{4489B453-3CC2-48D3-861E-0C6B84B3BA96}.Release|Any CPU.ActiveCfg = Release|Any CPU
		{4489B453-3CC2-48D3-861E-0C6B84B3BA96}.Release|Any CPU.Build.0 = Release|Any CPU
		{570C3CCD-0132-476B-992C-CF90B7CE1625}.Debug|Any CPU.ActiveCfg = Debug|Any CPU
		{570C3CCD-0132-476B-992C-CF90B7CE1625}.Debug|Any CPU.Build.0 = Debug|Any CPU
		{570C3CCD-0132-476B-992C-CF90B7CE1625}.Release|Any CPU.ActiveCfg = Release|Any CPU
		{570C3CCD-0132-476B-992C-CF90B7CE1625}.Release|Any CPU.Build.0 = Release|Any CPU
	EndGlobalSection
	GlobalSection(SolutionProperties) = preSolution
		HideSolutionNode = FALSE
	EndGlobalSection
EndGlobal
